
Microsoft Visual Studio Solution File, Format Version 12.00
# Visual Studio 15
VisualStudioVersion = 15.0.27130.2024
MinimumVisualStudioVersion = 10.0.40219.1
Project("{FAE04EC0-301F-11D3-BF4B-00C04F79EFBC}") = "HelloWorld", "HelloWorld\HelloWorld.csproj", "{C2236F4B-61BC-4F97-8819-9E982CDDA4B6}"
EndProject
Global
	GlobalSection(SolutionConfigurationPlatforms) = preSolution
		Debug|Any CPU = Debug|Any CPU
		Release|Any CPU = Release|Any CPU
	EndGlobalSection
	GlobalSection(ProjectConfigurationPlatforms) = postSolution
		{C2236F4B-61BC-4F97-8819-9E982CDDA4B6}.Debug|Any CPU.ActiveCfg = Debug|Any CPU
		{C2236F4B-61BC-4F97-8819-9E982CDDA4B6}.Debug|Any CPU.Build.0 = Debug|Any CPU
		{C2236F4B-61BC-4F97-8819-9E982CDDA4B6}.Release|Any CPU.ActiveCfg = Release|Any CPU
		{C2236F4B-61BC-4F97-8819-9E982CDDA4B6}.Release|Any CPU.Build.0 = Release|Any CPU
	EndGlobalSection
	GlobalSection(SolutionProperties) = preSolution
		HideSolutionNode = FALSE
	EndGlobalSection
	GlobalSection(ExtensibilityGlobals) = postSolution
		SolutionGuid = {58619AAE-2526-4789-B1E2-20BCDE1D4A2B}
	EndGlobalSection
EndGlobal
